# THIS IS AN AUTOGENERATED FILE. DO NOT EDIT THIS FILE DIRECTLY.
# yarn lockfile v1


"@types/node@10.11.7":
  version "10.11.7"
  resolved "https://registry.yarnpkg.com/@types/node/-/node-10.11.7.tgz#0e75ca9357d646ca754016ca1d68a127ad7e7300"
  integrity sha512-yOxFfkN9xUFLyvWaeYj90mlqTJ41CsQzWKS3gXdOMOyPVacUsymejKxJ4/pMW7exouubuEeZLJawGgcNGYlTeg==

"@types/vscode@1.36.0":
  version "1.36.0"
  resolved "https://registry.yarnpkg.com/@types/vscode/-/vscode-1.36.0.tgz#ae60242e893d9eda9a0d96d51ef56f1a3fae14ed"
  integrity sha512-SbHR3Q5g/C3N+Ila3KrRf1rSZiyHxWdOZ7X3yFHXzw6HrvRLuVZrxnwEX0lTBMRpH9LkwZdqRTgXW+D075jxkg==

typescript@3.5.3:
  version "3.5.3"
  resolved "https://registry.yarnpkg.com/typescript/-/typescript-3.5.3.tgz#c830f657f93f1ea846819e929092f5fe5983e977"
  integrity sha512-ACzBtm/PhXBDId6a6sDJfroT2pOWt/oOnk4/dElG5G33ZL776N3Y6/6bKZJBFpd+b05F3Ct9qDjMeJmRWtE2/g==
